
Microsoft Visual Studio Solution File, Format Version 12.00
# Visual Studio Version 16
VisualStudioVersion = 16.0.31624.102
MinimumVisualStudioVersion = 10.0.40219.1
Project("{FAE04EC0-301F-11D3-BF4B-00C04F79EFBC}") = "Werter.LoggingReferences.SerilogReference", "Werter.LoggingReferences.SerilogReference\Werter.LoggingReferences.SerilogReference.csproj", "{9708BE57-C4F2-4011-A9A5-3E22588A22A4}"
EndProject
Global
	GlobalSection(SolutionConfigurationPlatforms) = preSolution
		Debug|Any CPU = Debug|Any CPU
		Release|Any CPU = Release|Any CPU
	EndGlobalSection
	GlobalSection(ProjectConfigurationPlatforms) = postSolution
		{9708BE57-C4F2-4011-A9A5-3E22588A22A4}.Debug|Any CPU.ActiveCfg = Debug|Any CPU
		{9708BE57-C4F2-4011-A9A5-3E22588A22A4}.Debug|Any CPU.Build.0 = Debug|Any CPU
		{9708BE57-C4F2-4011-A9A5-3E22588A22A4}.Release|Any CPU.ActiveCfg = Release|Any CPU
		{9708BE57-C4F2-4011-A9A5-3E22588A22A4}.Release|Any CPU.Build.0 = Release|Any CPU
	EndGlobalSection
	GlobalSection(SolutionProperties) = preSolution
		HideSolutionNode = FALSE
	EndGlobalSection
	GlobalSection(ExtensibilityGlobals) = postSolution
		SolutionGuid = {E12730F1-352A-4752-8820-3A2E38F0A28F}
	EndGlobalSection
EndGlobal
